
Microsoft Visual Studio Solution File, Format Version 12.00
# Visual Studio Version 16
VisualStudioVersion = 16.0.32630.194
MinimumVisualStudioVersion = 10.0.40219.1
Project("{8BC9CEB8-8B4A-11D0-8D11-00A0C91BC942}") = "OOP4", "OOP4\OOP4.vcxproj", "{463BFA9A-B0B9-458C-91FA-876D1C42349B}"
EndProject
Global
	GlobalSection(SolutionConfigurationPlatforms) = preSolution
		Debug|x64 = Debug|x64
		Debug|x86 = Debug|x86
		Release|x64 = Release|x64
		Release|x86 = Release|x86
	EndGlobalSection
	GlobalSection(ProjectConfigurationPlatforms) = postSolution
		{463BFA9A-B0B9-458C-91FA-876D1C42349B}.Debug|x64.ActiveCfg = Debug|x64
		{463BFA9A-B0B9-458C-91FA-876D1C42349B}.Debug|x64.Build.0 = Debug|x64
		{463BFA9A-B0B9-458C-91FA-876D1C42349B}.Debug|x86.ActiveCfg = Debug|Win32
		{463BFA9A-B0B9-458C-91FA-876D1C42349B}.Debug|x86.Build.0 = Debug|Win32
		{463BFA9A-B0B9-458C-91FA-876D1C42349B}.Release|x64.ActiveCfg = Release|x64
		{463BFA9A-B0B9-458C-91FA-876D1C42349B}.Release|x64.Build.0 = Release|x64
		{463BFA9A-B0B9-458C-91FA-876D1C42349B}.Release|x86.ActiveCfg = Release|Win32
		{463BFA9A-B0B9-458C-91FA-876D1C42349B}.Release|x86.Build.0 = Release|Win32
	EndGlobalSection
	GlobalSection(SolutionProperties) = preSolution
		HideSolutionNode = FALSE
	EndGlobalSection
	GlobalSection(ExtensibilityGlobals) = postSolution
		SolutionGuid = {426B845F-23C6-4482-AD04-39A2DDCCC3B6}
	EndGlobalSection
EndGlobal
